// !$*UTF8*$!
{
	archiveVersion = 1;
	classes = {
	};
	objectVersion = 48;
	objects = {

/* Begin PBXBuildFile section */
		C9848A39209C0B830060EAE9 /* HETDemoView.m in Sources */ = {isa = PBXBuildFile; fileRef = C9848A38209C0B830060EAE9 /* HETDemoView.m */; };
		C984F41F209994E1000CD46F /* AppDelegate.m in Sources */ = {isa = PBXBuildFile; fileRef = C984F41E209994E1000CD46F /* AppDelegate.m */; };
		C984F422209994E1000CD46F /* ViewController.m in Sources */ = {isa = PBXBuildFile; fileRef = C984F421209994E1000CD46F /* ViewController.m */; };
		C984F425209994E1000CD46F /* Main.storyboard in Resources */ = {isa = PBXBuildFile; fileRef = C984F423209994E1000CD46F /* Main.storyboard */; };
		C984F427209994E1000CD46F /* Assets.xcassets in Resources */ = {isa = PBXBuildFile; fileRef = C984F426209994E1000CD46F /* Assets.xcassets */; };
		C984F42A209994E1000CD46F /* LaunchScreen.storyboard in Resources */ = {isa = PBXBuildFile; fileRef = C984F428209994E1000CD46F /* LaunchScreen.storyboard */; };
		C984F42D209994E1000CD46F /* main.m in Sources */ = {isa = PBXBuildFile; fileRef = C984F42C209994E1000CD46F /* main.m */; };
		C984F437209994EB000CD46F /* HETMyInteralHeadLabelView.m in Sources */ = {isa = PBXBuildFile; fileRef = C984F434209994EB000CD46F /* HETMyInteralHeadLabelView.m */; };
		C984F438209994EB000CD46F /* HETMyInteralHeadSendView.m in Sources */ = {isa = PBXBuildFile; fileRef = C984F435209994EB000CD46F /* HETMyInteralHeadSendView.m */; };
/* End PBXBuildFile section */

/* Begin PBXFileReference section */
		C9848A37209C0B830060EAE9 /* HETDemoView.h */ = {isa = PBXFileReference; lastKnownFileType = sourcecode.c.h; path = HETDemoView.h; sourceTree = "<group>"; };
		C9848A38209C0B830060EAE9 /* HETDemoView.m */ = {isa = PBXFileReference; lastKnownFileType = sourcecode.c.objc; path = HETDemoView.m; sourceTree = "<group>"; };
		C984F41A209994E1000CD46F /* DemoForDo.app */ = {isa = PBXFileReference; explicitFileType = wrapper.application; includeInIndex = 0; path = DemoForDo.app; sourceTree = BUILT_PRODUCTS_DIR; };
		C984F41D209994E1000CD46F /* AppDelegate.h */ = {isa = PBXFileReference; lastKnownFileType = sourcecode.c.h; path = AppDelegate.h; sourceTree = "<group>"; };
		C984F41E209994E1000CD46F /* AppDelegate.m */ = {isa = PBXFileReference; lastKnownFileType = sourcecode.c.objc; path = AppDelegate.m; sourceTree = "<group>"; };
		C984F420209994E1000CD46F /* ViewController.h */ = {isa = PBXFileReference; lastKnownFileType = sourcecode.c.h; path = ViewController.h; sourceTree = "<group>"; };
		C984F421209994E1000CD46F /* ViewController.m */ = {isa = PBXFileReference; lastKnownFileType = sourcecode.c.objc; path = ViewController.m; sourceTree = "<group>"; };
		C984F424209994E1000CD46F /* Base */ = {isa = PBXFileReference; lastKnownFileType = file.storyboard; name = Base; path = Base.lproj/Main.storyboard; sourceTree = "<group>"; };
		C984F426209994E1000CD46F /* Assets.xcassets */ = {isa = PBXFileReference; lastKnownFileType = folder.assetcatalog; path = Assets.xcassets; sourceTree = "<group>"; };
		C984F429209994E1000CD46F /* Base */ = {isa = PBXFileReference; lastKnownFileType = file.storyboard; name = Base; path = Base.lproj/LaunchScreen.storyboard; sourceTree = "<group>"; };
		C984F42B209994E1000CD46F /* Info.plist */ = {isa = PBXFileReference; lastKnownFileType = text.plist.xml; path = Info.plist; sourceTree = "<group>"; };
		C984F42C209994E1000CD46F /* main.m */ = {isa = PBXFileReference; lastKnownFileType = sourcecode.c.objc; path = main.m; sourceTree = "<group>"; };
		C984F433209994EB000CD46F /* HETMyInteralHeadLabelView.h */ = {isa = PBXFileReference; lastKnownFileType = sourcecode.c.h; path = HETMyInteralHeadLabelView.h; sourceTree = "<group>"; };
		C984F434209994EB000CD46F /* HETMyInteralHeadLabelView.m */ = {isa = PBXFileReference; lastKnownFileType = sourcecode.c.objc; path = HETMyInteralHeadLabelView.m; sourceTree = "<group>"; };
		C984F435209994EB000CD46F /* HETMyInteralHeadSendView.m */ = {isa = PBXFileReference; lastKnownFileType = sourcecode.c.objc; path = HETMyInteralHeadSendView.m; sourceTree = "<group>"; };
		C984F436209994EB000CD46F /* HETMyInteralHeadSendView.h */ = {isa = PBXFileReference; lastKnownFileType = sourcecode.c.h; path = HETMyInteralHeadSendView.h; sourceTree = "<group>"; };
/* End PBXFileReference section */

/* Begin PBXFrameworksBuildPhase section */
		C984F417209994E1000CD46F /* Frameworks */ = {
			isa = PBXFrameworksBuildPhase;
			buildActionMask = 2147483647;
			files = (
			);
			runOnlyForDeploymentPostprocessing = 0;
		};
/* End PBXFrameworksBuildPhase section */

/* Begin PBXGroup section */
		C984F411209994E1000CD46F = {
			isa = PBXGroup;
			children = (
				C984F41C209994E1000CD46F /* DemoForDo */,
				C984F41B209994E1000CD46F /* Products */,
			);
			sourceTree = "<group>";
		};
		C984F41B209994E1000CD46F /* Products */ = {
			isa = PBXGroup;
			children = (
				C984F41A209994E1000CD46F /* DemoForDo.app */,
			);
			name = Products;
			sourceTree = "<group>";
		};
		C984F41C209994E1000CD46F /* DemoForDo */ = {
			isa = PBXGroup;
			children = (
				C984F41D209994E1000CD46F /* AppDelegate.h */,
				C984F41E209994E1000CD46F /* AppDelegate.m */,
				C984F420209994E1000CD46F /* ViewController.h */,
				C984F421209994E1000CD46F /* ViewController.m */,
				C984F433209994EB000CD46F /* HETMyInteralHeadLabelView.h */,
				C984F434209994EB000CD46F /* HETMyInteralHeadLabelView.m */,
				C984F436209994EB000CD46F /* HETMyInteralHeadSendView.h */,
				C984F435209994EB000CD46F /* HETMyInteralHeadSendView.m */,
				C9848A37209C0B830060EAE9 /* HETDemoView.h */,
				C9848A38209C0B830060EAE9 /* HETDemoView.m */,
				C984F423209994E1000CD46F /* Main.storyboard */,
				C984F426209994E1000CD46F /* Assets.xcassets */,
				C984F428209994E1000CD46F /* LaunchScreen.storyboard */,
				C984F42B209994E1000CD46F /* Info.plist */,
				C984F42C209994E1000CD46F /* main.m */,
			);
			path = DemoForDo;
			sourceTree = "<group>";
		};
/* End PBXGroup section */

/* Begin PBXNativeTarget section */
		C984F419209994E1000CD46F /* DemoForDo */ = {
			isa = PBXNativeTarget;
			buildConfigurationList = C984F430209994E1000CD46F /* Build configuration list for PBXNativeTarget "DemoForDo" */;
			buildPhases = (
				C984F416209994E1000CD46F /* Sources */,
				C984F417209994E1000CD46F /* Frameworks */,
				C984F418209994E1000CD46F /* Resources */,
			);
			buildRules = (
			);
			dependencies = (
			);
			name = DemoForDo;
			productName = DemoForDo;
			productReference = C984F41A209994E1000CD46F /* DemoForDo.app */;
			productType = "com.apple.product-type.application";
		};
/* End PBXNativeTarget section */

/* Begin PBXProject section */
		C984F412209994E1000CD46F /* Project object */ = {
			isa = PBXProject;
			attributes = {
				LastUpgradeCheck = 0910;
				ORGANIZATIONNAME = Start;
				TargetAttributes = {
					C984F419209994E1000CD46F = {
						CreatedOnToolsVersion = 9.1;
						ProvisioningStyle = Automatic;
					};
				};
			};
			buildConfigurationList = C984F415209994E1000CD46F /* Build configuration list for PBXProject "DemoForDo" */;
			compatibilityVersion = "Xcode 8.0";
			developmentRegion = en;
			hasScannedForEncodings = 0;
			knownRegions = (
				en,
				Base,
			);
			mainGroup = C984F411209994E1000CD46F;
			productRefGroup = C984F41B209994E1000CD46F /* Products */;
			projectDirPath = "";
			projectRoot = "";
			targets = (
				C984F419209994E1000CD46F /* DemoForDo */,
			);
		};
/* End PBXProject section */

/* Begin PBXResourcesBuildPhase section */
		C984F418209994E1000CD46F /* Resources */ = {
			isa = PBXResourcesBuildPhase;
			buildActionMask = 2147483647;
			files = (
				C984F42A209994E1000CD46F /* LaunchScreen.storyboard in Resources */,
				C984F427209994E1000CD46F /* Assets.xcassets in Resources */,
				C984F425209994E1000CD46F /* Main.storyboard in Resources */,
			);
			runOnlyForDeploymentPostprocessing = 0;
		};
/* End PBXResourcesBuildPhase section */

/* Begin PBXSourcesBuildPhase section */
		C984F416209994E1000CD46F /* Sources */ = {
			isa = PBXSourcesBuildPhase;
			buildActionMask = 2147483647;
			files = (
				C984F422209994E1000CD46F /* ViewController.m in Sources */,
				C984F438209994EB000CD46F /* HETMyInteralHeadSendView.m in Sources */,
				C984F437209994EB000CD46F /* HETMyInteralHeadLabelView.m in Sources */,
				C9848A39209C0B830060EAE9 /* HETDemoView.m in Sources */,
				C984F42D209994E1000CD46F /* main.m in Sources */,
				C984F41F209994E1000CD46F /* AppDelegate.m in Sources */,
			);
			runOnlyForDeploymentPostprocessing = 0;
		};
/* End PBXSourcesBuildPhase section */

/* Begin PBXVariantGroup section */
		C984F423209994E1000CD46F /* Main.storyboard */ = {
			isa = PBXVariantGroup;
			children = (
				C984F424209994E1000CD46F /* Base */,
			);
			name = Main.storyboard;
			sourceTree = "<group>";
		};
		C984F428209994E1000CD46F /* LaunchScreen.storyboard */ = {
			isa = PBXVariantGroup;
			children = (
				C984F429209994E1000CD46F /* Base */,
			);
			name = LaunchScreen.storyboard;
			sourceTree = "<group>";
		};
/* End PBXVariantGroup section */

/* Begin XCBuildConfiguration section */
		C984F42E209994E1000CD46F /* Debug */ = {
			isa = XCBuildConfiguration;
			buildSettings = {
				ALWAYS_SEARCH_USER_PATHS = NO;
				CLANG_ANALYZER_NONNULL = YES;
				CLANG_ANALYZER_NUMBER_OBJECT_CONVERSION = YES_AGGRESSIVE;
				CLANG_CXX_LANGUAGE_STANDARD = "gnu++14";
				CLANG_CXX_LIBRARY = "libc++";
				CLANG_ENABLE_MODULES = YES;
				CLANG_ENABLE_OBJC_ARC = YES;
				CLANG_WARN_BLOCK_CAPTURE_AUTORELEASING = YES;
				CLANG_WARN_BOOL_CONVERSION = YES;
				CLANG_WARN_COMMA = YES;
				CLANG_WARN_CONSTANT_CONVERSION = YES;
				CLANG_WARN_DIRECT_OBJC_ISA_USAGE = YES_ERROR;
				CLANG_WARN_DOCUMENTATION_COMMENTS = YES;
				CLANG_WARN_EMPTY_BODY = YES;
				CLANG_WARN_ENUM_CONVERSION = YES;
				CLANG_WARN_INFINITE_RECURSION = YES;
				CLANG_WARN_INT_CONVERSION = YES;
				CLANG_WARN_NON_LITERAL_NULL_CONVERSION = YES;
				CLANG_WARN_OBJC_LITERAL_CONVERSION = YES;
				CLANG_WARN_OBJC_ROOT_CLASS = YES_ERROR;
				CLANG_WARN_RANGE_LOOP_ANALYSIS = YES;
				CLANG_WARN_STRICT_PROTOTYPES = YES;
				CLANG_WARN_SUSPICIOUS_MOVE = YES;
				CLANG_WARN_UNGUARDED_AVAILABILITY = YES_AGGRESSIVE;
				CLANG_WARN_UNREACHABLE_CODE = YES;
				CLANG_WARN__DUPLICATE_METHOD_MATCH = YES;
				CODE_SIGN_IDENTITY = "iPhone Developer";
				COPY_PHASE_STRIP = NO;
				DEBUG_INFORMATION_FORMAT = dwarf;
				ENABLE_STRICT_OBJC_MSGSEND = YES;
				ENABLE_TESTABILITY = YES;
				GCC_C_LANGUAGE_STANDARD = gnu11;
				GCC_DYNAMIC_NO_PIC = NO;
				GCC_NO_COMMON_BLOCKS = YES;
				GCC_OPTIMIZATION_LEVEL = 0;
				GCC_PREPROCESSOR_DEFINITIONS = (
					"DEBUG=1",
					"$(inherited)",
				);
				GCC_WARN_64_TO_32_BIT_CONVERSION = YES;
				GCC_WARN_ABOUT_RETURN_TYPE = YES_ERROR;
				GCC_WARN_UNDECLARED_SELECTOR = YES;
				GCC_WARN_UNINITIALIZED_AUTOS = YES_AGGRESSIVE;
				GCC_WARN_UNUSED_FUNCTION = YES;
				GCC_WARN_UNUSED_VARIABLE = YES;
				IPHONEOS_DEPLOYMENT_TARGET = 11.1;
				MTL_ENABLE_DEBUG_INFO = YES;
				ONLY_ACTIVE_ARCH = YES;
				SDKROOT = iphoneos;
			};
			name = Debug;
		};
		C984F42F209994E1000CD46F /* Release */ = {
			isa = XCBuildConfiguration;
			buildSettings = {
				ALWAYS_SEARCH_USER_PATHS = NO;
				CLANG_ANALYZER_NONNULL = YES;
				CLANG_ANALYZER_NUMBER_OBJECT_CONVERSION = YES_AGGRESSIVE;
				CLANG_CXX_LANGUAGE_STANDARD = "gnu++14";
				CLANG_CXX_LIBRARY = "libc++";
				CLANG_ENABLE_MODULES = YES;
				CLANG_ENABLE_OBJC_ARC = YES;
				CLANG_WARN_BLOCK_CAPTURE_AUTORELEASING = YES;
				CLANG_WARN_BOOL_CONVERSION = YES;
				CLANG_WARN_COMMA = YES;
				CLANG_WARN_CONSTANT_CONVERSION = YES;
				CLANG_WARN_DIRECT_OBJC_ISA_USAGE = YES_ERROR;
				CLANG_WARN_DOCUMENTATION_COMMENTS = YES;
				CLANG_WARN_EMPTY_BODY = YES;
				CLANG_WARN_ENUM_CONVERSION = YES;
				CLANG_WARN_INFINITE_RECURSION = YES;
				CLANG_WARN_INT_CONVERSION = YES;
				CLANG_WARN_NON_LITERAL_NULL_CONVERSION = YES;
				CLANG_WARN_OBJC_LITERAL_CONVERSION = YES;
				CLANG_WARN_OBJC_ROOT_CLASS = YES_ERROR;
				CLANG_WARN_RANGE_LOOP_ANALYSIS = YES;
				CLANG_WARN_STRICT_PROTOTYPES = YES;
				CLANG_WARN_SUSPICIOUS_MOVE = YES;
				CLANG_WARN_UNGUARDED_AVAILABILITY = YES_AGGRESSIVE;
				CLANG_WARN_UNREACHABLE_CODE = YES;
				CLANG_WARN__DUPLICATE_METHOD_MATCH = YES;
				CODE_SIGN_IDENTITY = "iPhone Developer";
				COPY_PHASE_STRIP = NO;
				DEBUG_INFORMATION_FORMAT = "dwarf-with-dsym";
				ENABLE_NS_ASSERTIONS = NO;
				ENABLE_STRICT_OBJC_MSGSEND = YES;
				GCC_C_LANGUAGE_STANDARD = gnu11;
				GCC_NO_COMMON_BLOCKS = YES;
				GCC_WARN_64_TO_32_BIT_CONVERSION = YES;
				GCC_WARN_ABOUT_RETURN_TYPE = YES_ERROR;
				GCC_WARN_UNDECLARED_SELECTOR = YES;
				GCC_WARN_UNINITIALIZED_AUTOS = YES_AGGRESSIVE;
				GCC_WARN_UNUSED_FUNCTION = YES;
				GCC_WARN_UNUSED_VARIABLE = YES;
				IPHONEOS_DEPLOYMENT_TARGET = 11.1;
				MTL_ENABLE_DEBUG_INFO = NO;
				SDKROOT = iphoneos;
				VALIDATE_PRODUCT = YES;
			};
			name = Release;
		};
		C984F431209994E1000CD46F /* Debug */ = {
			isa = XCBuildConfiguration;
			buildSettings = {
				ASSETCATALOG_COMPILER_APPICON_NAME = AppIcon;
				CODE_SIGN_STYLE = Automatic;
				DEVELOPMENT_TEAM = WU2WFZ2B66;
				INFOPLIST_FILE = DemoForDo/Info.plist;
				IPHONEOS_DEPLOYMENT_TARGET = 9.3;
				LD_RUNPATH_SEARCH_PATHS = "$(inherited) @executable_path/Frameworks";
				PRODUCT_BUNDLE_IDENTIFIER = het.DemoForDo;
				PRODUCT_NAME = "$(TARGET_NAME)";
				TARGETED_DEVICE_FAMILY = "1,2";
			};
			name = Debug;
		};
		C984F432209994E1000CD46F /* Release */ = {
			isa = XCBuildConfiguration;
			buildSettings = {
				ASSETCATALOG_COMPILER_APPICON_NAME = AppIcon;
				CODE_SIGN_STYLE = Automatic;
				DEVELOPMENT_TEAM = WU2WFZ2B66;
				INFOPLIST_FILE = DemoForDo/Info.plist;
				IPHONEOS_DEPLOYMENT_TARGET = 9.3;
				LD_RUNPATH_SEARCH_PATHS = "$(inherited) @executable_path/Frameworks";
				PRODUCT_BUNDLE_IDENTIFIER = het.DemoForDo;
				PRODUCT_NAME = "$(TARGET_NAME)";
				TARGETED_DEVICE_FAMILY = "1,2";
			};
			name = Release;
		};
/* End XCBuildConfiguration section */

/* Begin XCConfigurationList section */
		C984F415209994E1000CD46F /* Build configuration list for PBXProject "DemoForDo" */ = {
			isa = XCConfigurationList;
			buildConfigurations = (
				C984F42E209994E1000CD46F /* Debug */,
				C984F42F209994E1000CD46F /* Release */,
			);
			defaultConfigurationIsVisible = 0;
			defaultConfigurationName = Release;
		};
		C984F430209994E1000CD46F /* Build configuration list for PBXNativeTarget "DemoForDo" */ = {
			isa = XCConfigurationList;
			buildConfigurations = (
				C984F431209994E1000CD46F /* Debug */,
				C984F432209994E1000CD46F /* Release */,
			);
			defaultConfigurationIsVisible = 0;
			defaultConfigurationName = Release;
		};
/* End XCConfigurationList section */
	};
	rootObject = C984F412209994E1000CD46F /* Project object */;
}
