// !$*UTF8*$!
{
	archiveVersion = 1;
	classes = {
	};
	objectVersion = 48;
	objects = {

/* Begin PBXBuildFile section */
		C96BBDE620847DBF002BBB14 /* AppDelegate.m in Sources */ = {isa = PBXBuildFile; fileRef = C96BBDE520847DBF002BBB14 /* AppDelegate.m */; };
		C96BBDE920847DBF002BBB14 /* ViewController.m in Sources */ = {isa = PBXBuildFile; fileRef = C96BBDE820847DBF002BBB14 /* ViewController.m */; };
		C96BBDEC20847DBF002BBB14 /* Main.storyboard in Resources */ = {isa = PBXBuildFile; fileRef = C96BBDEA20847DBF002BBB14 /* Main.storyboard */; };
		C96BBDEE20847DBF002BBB14 /* Assets.xcassets in Resources */ = {isa = PBXBuildFile; fileRef = C96BBDED20847DBF002BBB14 /* Assets.xcassets */; };
		C96BBDF120847DBF002BBB14 /* LaunchScreen.storyboard in Resources */ = {isa = PBXBuildFile; fileRef = C96BBDEF20847DBF002BBB14 /* LaunchScreen.storyboard */; };
		C96BBDF420847DBF002BBB14 /* main.m in Sources */ = {isa = PBXBuildFile; fileRef = C96BBDF320847DBF002BBB14 /* main.m */; };
		C96BBDFC20847DE7002BBB14 /* DrawTrianglePath.m in Sources */ = {isa = PBXBuildFile; fileRef = C96BBDFB20847DE7002BBB14 /* DrawTrianglePath.m */; };
		C96BBDFF20848A2B002BBB14 /* CAShapeLayerView.m in Sources */ = {isa = PBXBuildFile; fileRef = C96BBDFE20848A2B002BBB14 /* CAShapeLayerView.m */; };
		C96BBE02208498AF002BBB14 /* CARoutationView.m in Sources */ = {isa = PBXBuildFile; fileRef = C96BBE01208498AF002BBB14 /* CARoutationView.m */; };
/* End PBXBuildFile section */

/* Begin PBXFileReference section */
		C96BBDE120847DBF002BBB14 /* UIBezierPathDemo.app */ = {isa = PBXFileReference; explicitFileType = wrapper.application; includeInIndex = 0; path = UIBezierPathDemo.app; sourceTree = BUILT_PRODUCTS_DIR; };
		C96BBDE420847DBF002BBB14 /* AppDelegate.h */ = {isa = PBXFileReference; lastKnownFileType = sourcecode.c.h; path = AppDelegate.h; sourceTree = "<group>"; };
		C96BBDE520847DBF002BBB14 /* AppDelegate.m */ = {isa = PBXFileReference; lastKnownFileType = sourcecode.c.objc; path = AppDelegate.m; sourceTree = "<group>"; };
		C96BBDE720847DBF002BBB14 /* ViewController.h */ = {isa = PBXFileReference; lastKnownFileType = sourcecode.c.h; path = ViewController.h; sourceTree = "<group>"; };
		C96BBDE820847DBF002BBB14 /* ViewController.m */ = {isa = PBXFileReference; lastKnownFileType = sourcecode.c.objc; path = ViewController.m; sourceTree = "<group>"; };
		C96BBDEB20847DBF002BBB14 /* Base */ = {isa = PBXFileReference; lastKnownFileType = file.storyboard; name = Base; path = Base.lproj/Main.storyboard; sourceTree = "<group>"; };
		C96BBDED20847DBF002BBB14 /* Assets.xcassets */ = {isa = PBXFileReference; lastKnownFileType = folder.assetcatalog; path = Assets.xcassets; sourceTree = "<group>"; };
		C96BBDF020847DBF002BBB14 /* Base */ = {isa = PBXFileReference; lastKnownFileType = file.storyboard; name = Base; path = Base.lproj/LaunchScreen.storyboard; sourceTree = "<group>"; };
		C96BBDF220847DBF002BBB14 /* Info.plist */ = {isa = PBXFileReference; lastKnownFileType = text.plist.xml; path = Info.plist; sourceTree = "<group>"; };
		C96BBDF320847DBF002BBB14 /* main.m */ = {isa = PBXFileReference; lastKnownFileType = sourcecode.c.objc; path = main.m; sourceTree = "<group>"; };
		C96BBDFA20847DE7002BBB14 /* DrawTrianglePath.h */ = {isa = PBXFileReference; lastKnownFileType = sourcecode.c.h; path = DrawTrianglePath.h; sourceTree = "<group>"; };
		C96BBDFB20847DE7002BBB14 /* DrawTrianglePath.m */ = {isa = PBXFileReference; lastKnownFileType = sourcecode.c.objc; path = DrawTrianglePath.m; sourceTree = "<group>"; };
		C96BBDFD20848A2B002BBB14 /* CAShapeLayerView.h */ = {isa = PBXFileReference; lastKnownFileType = sourcecode.c.h; path = CAShapeLayerView.h; sourceTree = "<group>"; };
		C96BBDFE20848A2B002BBB14 /* CAShapeLayerView.m */ = {isa = PBXFileReference; lastKnownFileType = sourcecode.c.objc; path = CAShapeLayerView.m; sourceTree = "<group>"; };
		C96BBE00208498AF002BBB14 /* CARoutationView.h */ = {isa = PBXFileReference; lastKnownFileType = sourcecode.c.h; path = CARoutationView.h; sourceTree = "<group>"; };
		C96BBE01208498AF002BBB14 /* CARoutationView.m */ = {isa = PBXFileReference; lastKnownFileType = sourcecode.c.objc; path = CARoutationView.m; sourceTree = "<group>"; };
/* End PBXFileReference section */

/* Begin PBXFrameworksBuildPhase section */
		C96BBDDE20847DBF002BBB14 /* Frameworks */ = {
			isa = PBXFrameworksBuildPhase;
			buildActionMask = 2147483647;
			files = (
			);
			runOnlyForDeploymentPostprocessing = 0;
		};
/* End PBXFrameworksBuildPhase section */

/* Begin PBXGroup section */
		C96BBDD820847DBF002BBB14 = {
			isa = PBXGroup;
			children = (
				C96BBDE320847DBF002BBB14 /* UIBezierPathDemo */,
				C96BBDE220847DBF002BBB14 /* Products */,
			);
			sourceTree = "<group>";
		};
		C96BBDE220847DBF002BBB14 /* Products */ = {
			isa = PBXGroup;
			children = (
				C96BBDE120847DBF002BBB14 /* UIBezierPathDemo.app */,
			);
			name = Products;
			sourceTree = "<group>";
		};
		C96BBDE320847DBF002BBB14 /* UIBezierPathDemo */ = {
			isa = PBXGroup;
			children = (
				C96BBDE420847DBF002BBB14 /* AppDelegate.h */,
				C96BBDE520847DBF002BBB14 /* AppDelegate.m */,
				C96BBDE720847DBF002BBB14 /* ViewController.h */,
				C96BBDE820847DBF002BBB14 /* ViewController.m */,
				C96BBDFA20847DE7002BBB14 /* DrawTrianglePath.h */,
				C96BBDFB20847DE7002BBB14 /* DrawTrianglePath.m */,
				C96BBDFD20848A2B002BBB14 /* CAShapeLayerView.h */,
				C96BBDFE20848A2B002BBB14 /* CAShapeLayerView.m */,
				C96BBE00208498AF002BBB14 /* CARoutationView.h */,
				C96BBE01208498AF002BBB14 /* CARoutationView.m */,
				C96BBDEA20847DBF002BBB14 /* Main.storyboard */,
				C96BBDED20847DBF002BBB14 /* Assets.xcassets */,
				C96BBDEF20847DBF002BBB14 /* LaunchScreen.storyboard */,
				C96BBDF220847DBF002BBB14 /* Info.plist */,
				C96BBDF320847DBF002BBB14 /* main.m */,
			);
			path = UIBezierPathDemo;
			sourceTree = "<group>";
		};
/* End PBXGroup section */

/* Begin PBXNativeTarget section */
		C96BBDE020847DBF002BBB14 /* UIBezierPathDemo */ = {
			isa = PBXNativeTarget;
			buildConfigurationList = C96BBDF720847DBF002BBB14 /* Build configuration list for PBXNativeTarget "UIBezierPathDemo" */;
			buildPhases = (
				C96BBDDD20847DBF002BBB14 /* Sources */,
				C96BBDDE20847DBF002BBB14 /* Frameworks */,
				C96BBDDF20847DBF002BBB14 /* Resources */,
			);
			buildRules = (
			);
			dependencies = (
			);
			name = UIBezierPathDemo;
			productName = UIBezierPathDemo;
			productReference = C96BBDE120847DBF002BBB14 /* UIBezierPathDemo.app */;
			productType = "com.apple.product-type.application";
		};
/* End PBXNativeTarget section */

/* Begin PBXProject section */
		C96BBDD920847DBF002BBB14 /* Project object */ = {
			isa = PBXProject;
			attributes = {
				LastUpgradeCheck = 0910;
				ORGANIZATIONNAME = Start;
				TargetAttributes = {
					C96BBDE020847DBF002BBB14 = {
						CreatedOnToolsVersion = 9.1;
						ProvisioningStyle = Automatic;
					};
				};
			};
			buildConfigurationList = C96BBDDC20847DBF002BBB14 /* Build configuration list for PBXProject "UIBezierPathDemo" */;
			compatibilityVersion = "Xcode 8.0";
			developmentRegion = en;
			hasScannedForEncodings = 0;
			knownRegions = (
				en,
				Base,
			);
			mainGroup = C96BBDD820847DBF002BBB14;
			productRefGroup = C96BBDE220847DBF002BBB14 /* Products */;
			projectDirPath = "";
			projectRoot = "";
			targets = (
				C96BBDE020847DBF002BBB14 /* UIBezierPathDemo */,
			);
		};
/* End PBXProject section */

/* Begin PBXResourcesBuildPhase section */
		C96BBDDF20847DBF002BBB14 /* Resources */ = {
			isa = PBXResourcesBuildPhase;
			buildActionMask = 2147483647;
			files = (
				C96BBDF120847DBF002BBB14 /* LaunchScreen.storyboard in Resources */,
				C96BBDEE20847DBF002BBB14 /* Assets.xcassets in Resources */,
				C96BBDEC20847DBF002BBB14 /* Main.storyboard in Resources */,
			);
			runOnlyForDeploymentPostprocessing = 0;
		};
/* End PBXResourcesBuildPhase section */

/* Begin PBXSourcesBuildPhase section */
		C96BBDDD20847DBF002BBB14 /* Sources */ = {
			isa = PBXSourcesBuildPhase;
			buildActionMask = 2147483647;
			files = (
				C96BBDE920847DBF002BBB14 /* ViewController.m in Sources */,
				C96BBDF420847DBF002BBB14 /* main.m in Sources */,
				C96BBE02208498AF002BBB14 /* CARoutationView.m in Sources */,
				C96BBDFC20847DE7002BBB14 /* DrawTrianglePath.m in Sources */,
				C96BBDE620847DBF002BBB14 /* AppDelegate.m in Sources */,
				C96BBDFF20848A2B002BBB14 /* CAShapeLayerView.m in Sources */,
			);
			runOnlyForDeploymentPostprocessing = 0;
		};
/* End PBXSourcesBuildPhase section */

/* Begin PBXVariantGroup section */
		C96BBDEA20847DBF002BBB14 /* Main.storyboard */ = {
			isa = PBXVariantGroup;
			children = (
				C96BBDEB20847DBF002BBB14 /* Base */,
			);
			name = Main.storyboard;
			sourceTree = "<group>";
		};
		C96BBDEF20847DBF002BBB14 /* LaunchScreen.storyboard */ = {
			isa = PBXVariantGroup;
			children = (
				C96BBDF020847DBF002BBB14 /* Base */,
			);
			name = LaunchScreen.storyboard;
			sourceTree = "<group>";
		};
/* End PBXVariantGroup section */

/* Begin XCBuildConfiguration section */
		C96BBDF520847DBF002BBB14 /* Debug */ = {
			isa = XCBuildConfiguration;
			buildSettings = {
				ALWAYS_SEARCH_USER_PATHS = NO;
				CLANG_ANALYZER_NONNULL = YES;
				CLANG_ANALYZER_NUMBER_OBJECT_CONVERSION = YES_AGGRESSIVE;
				CLANG_CXX_LANGUAGE_STANDARD = "gnu++14";
				CLANG_CXX_LIBRARY = "libc++";
				CLANG_ENABLE_MODULES = YES;
				CLANG_ENABLE_OBJC_ARC = YES;
				CLANG_WARN_BLOCK_CAPTURE_AUTORELEASING = YES;
				CLANG_WARN_BOOL_CONVERSION = YES;
				CLANG_WARN_COMMA = YES;
				CLANG_WARN_CONSTANT_CONVERSION = YES;
				CLANG_WARN_DIRECT_OBJC_ISA_USAGE = YES_ERROR;
				CLANG_WARN_DOCUMENTATION_COMMENTS = YES;
				CLANG_WARN_EMPTY_BODY = YES;
				CLANG_WARN_ENUM_CONVERSION = YES;
				CLANG_WARN_INFINITE_RECURSION = YES;
				CLANG_WARN_INT_CONVERSION = YES;
				CLANG_WARN_NON_LITERAL_NULL_CONVERSION = YES;
				CLANG_WARN_OBJC_LITERAL_CONVERSION = YES;
				CLANG_WARN_OBJC_ROOT_CLASS = YES_ERROR;
				CLANG_WARN_RANGE_LOOP_ANALYSIS = YES;
				CLANG_WARN_STRICT_PROTOTYPES = YES;
				CLANG_WARN_SUSPICIOUS_MOVE = YES;
				CLANG_WARN_UNGUARDED_AVAILABILITY = YES_AGGRESSIVE;
				CLANG_WARN_UNREACHABLE_CODE = YES;
				CLANG_WARN__DUPLICATE_METHOD_MATCH = YES;
				CODE_SIGN_IDENTITY = "iPhone Developer";
				COPY_PHASE_STRIP = NO;
				DEBUG_INFORMATION_FORMAT = dwarf;
				ENABLE_STRICT_OBJC_MSGSEND = YES;
				ENABLE_TESTABILITY = YES;
				GCC_C_LANGUAGE_STANDARD = gnu11;
				GCC_DYNAMIC_NO_PIC = NO;
				GCC_NO_COMMON_BLOCKS = YES;
				GCC_OPTIMIZATION_LEVEL = 0;
				GCC_PREPROCESSOR_DEFINITIONS = (
					"DEBUG=1",
					"$(inherited)",
				);
				GCC_WARN_64_TO_32_BIT_CONVERSION = YES;
				GCC_WARN_ABOUT_RETURN_TYPE = YES_ERROR;
				GCC_WARN_UNDECLARED_SELECTOR = YES;
				GCC_WARN_UNINITIALIZED_AUTOS = YES_AGGRESSIVE;
				GCC_WARN_UNUSED_FUNCTION = YES;
				GCC_WARN_UNUSED_VARIABLE = YES;
				IPHONEOS_DEPLOYMENT_TARGET = 11.1;
				MTL_ENABLE_DEBUG_INFO = YES;
				ONLY_ACTIVE_ARCH = YES;
				SDKROOT = iphoneos;
			};
			name = Debug;
		};
		C96BBDF620847DBF002BBB14 /* Release */ = {
			isa = XCBuildConfiguration;
			buildSettings = {
				ALWAYS_SEARCH_USER_PATHS = NO;
				CLANG_ANALYZER_NONNULL = YES;
				CLANG_ANALYZER_NUMBER_OBJECT_CONVERSION = YES_AGGRESSIVE;
				CLANG_CXX_LANGUAGE_STANDARD = "gnu++14";
				CLANG_CXX_LIBRARY = "libc++";
				CLANG_ENABLE_MODULES = YES;
				CLANG_ENABLE_OBJC_ARC = YES;
				CLANG_WARN_BLOCK_CAPTURE_AUTORELEASING = YES;
				CLANG_WARN_BOOL_CONVERSION = YES;
				CLANG_WARN_COMMA = YES;
				CLANG_WARN_CONSTANT_CONVERSION = YES;
				CLANG_WARN_DIRECT_OBJC_ISA_USAGE = YES_ERROR;
				CLANG_WARN_DOCUMENTATION_COMMENTS = YES;
				CLANG_WARN_EMPTY_BODY = YES;
				CLANG_WARN_ENUM_CONVERSION = YES;
				CLANG_WARN_INFINITE_RECURSION = YES;
				CLANG_WARN_INT_CONVERSION = YES;
				CLANG_WARN_NON_LITERAL_NULL_CONVERSION = YES;
				CLANG_WARN_OBJC_LITERAL_CONVERSION = YES;
				CLANG_WARN_OBJC_ROOT_CLASS = YES_ERROR;
				CLANG_WARN_RANGE_LOOP_ANALYSIS = YES;
				CLANG_WARN_STRICT_PROTOTYPES = YES;
				CLANG_WARN_SUSPICIOUS_MOVE = YES;
				CLANG_WARN_UNGUARDED_AVAILABILITY = YES_AGGRESSIVE;
				CLANG_WARN_UNREACHABLE_CODE = YES;
				CLANG_WARN__DUPLICATE_METHOD_MATCH = YES;
				CODE_SIGN_IDENTITY = "iPhone Developer";
				COPY_PHASE_STRIP = NO;
				DEBUG_INFORMATION_FORMAT = "dwarf-with-dsym";
				ENABLE_NS_ASSERTIONS = NO;
				ENABLE_STRICT_OBJC_MSGSEND = YES;
				GCC_C_LANGUAGE_STANDARD = gnu11;
				GCC_NO_COMMON_BLOCKS = YES;
				GCC_WARN_64_TO_32_BIT_CONVERSION = YES;
				GCC_WARN_ABOUT_RETURN_TYPE = YES_ERROR;
				GCC_WARN_UNDECLARED_SELECTOR = YES;
				GCC_WARN_UNINITIALIZED_AUTOS = YES_AGGRESSIVE;
				GCC_WARN_UNUSED_FUNCTION = YES;
				GCC_WARN_UNUSED_VARIABLE = YES;
				IPHONEOS_DEPLOYMENT_TARGET = 11.1;
				MTL_ENABLE_DEBUG_INFO = NO;
				SDKROOT = iphoneos;
				VALIDATE_PRODUCT = YES;
			};
			name = Release;
		};
		C96BBDF820847DBF002BBB14 /* Debug */ = {
			isa = XCBuildConfiguration;
			buildSettings = {
				ASSETCATALOG_COMPILER_APPICON_NAME = AppIcon;
				CODE_SIGN_STYLE = Automatic;
				DEVELOPMENT_TEAM = WU2WFZ2B66;
				INFOPLIST_FILE = UIBezierPathDemo/Info.plist;
				LD_RUNPATH_SEARCH_PATHS = "$(inherited) @executable_path/Frameworks";
				PRODUCT_BUNDLE_IDENTIFIER = het.UIBezierPathDemo;
				PRODUCT_NAME = "$(TARGET_NAME)";
				TARGETED_DEVICE_FAMILY = "1,2";
			};
			name = Debug;
		};
		C96BBDF920847DBF002BBB14 /* Release */ = {
			isa = XCBuildConfiguration;
			buildSettings = {
				ASSETCATALOG_COMPILER_APPICON_NAME = AppIcon;
				CODE_SIGN_STYLE = Automatic;
				DEVELOPMENT_TEAM = WU2WFZ2B66;
				INFOPLIST_FILE = UIBezierPathDemo/Info.plist;
				LD_RUNPATH_SEARCH_PATHS = "$(inherited) @executable_path/Frameworks";
				PRODUCT_BUNDLE_IDENTIFIER = het.UIBezierPathDemo;
				PRODUCT_NAME = "$(TARGET_NAME)";
				TARGETED_DEVICE_FAMILY = "1,2";
			};
			name = Release;
		};
/* End XCBuildConfiguration section */

/* Begin XCConfigurationList section */
		C96BBDDC20847DBF002BBB14 /* Build configuration list for PBXProject "UIBezierPathDemo" */ = {
			isa = XCConfigurationList;
			buildConfigurations = (
				C96BBDF520847DBF002BBB14 /* Debug */,
				C96BBDF620847DBF002BBB14 /* Release */,
			);
			defaultConfigurationIsVisible = 0;
			defaultConfigurationName = Release;
		};
		C96BBDF720847DBF002BBB14 /* Build configuration list for PBXNativeTarget "UIBezierPathDemo" */ = {
			isa = XCConfigurationList;
			buildConfigurations = (
				C96BBDF820847DBF002BBB14 /* Debug */,
				C96BBDF920847DBF002BBB14 /* Release */,
			);
			defaultConfigurationIsVisible = 0;
			defaultConfigurationName = Release;
		};
/* End XCConfigurationList section */
	};
	rootObject = C96BBDD920847DBF002BBB14 /* Project object */;
}
